
Microsoft Visual Studio Solution File, Format Version 12.00
# Visual Studio Version 17
VisualStudioVersion = 17.9.34728.123
MinimumVisualStudioVersion = 10.0.40219.1
Project("{FAE04EC0-301F-11D3-BF4B-00C04F79EFBC}") = "Hotel_Registration", "Hotel_Registration\Hotel_Registration.csproj", "{47B2E405-7869-4765-8EED-3380DB281463}"
EndProject
Global
	GlobalSection(SolutionConfigurationPlatforms) = preSolution
		Debug|Any CPU = Debug|Any CPU
		Release|Any CPU = Release|Any CPU
	EndGlobalSection
	GlobalSection(ProjectConfigurationPlatforms) = postSolution
		{47B2E405-7869-4765-8EED-3380DB281463}.Debug|Any CPU.ActiveCfg = Debug|Any CPU
		{47B2E405-7869-4765-8EED-3380DB281463}.Debug|Any CPU.Build.0 = Debug|Any CPU
		{47B2E405-7869-4765-8EED-3380DB281463}.Release|Any CPU.ActiveCfg = Release|Any CPU
		{47B2E405-7869-4765-8EED-3380DB281463}.Release|Any CPU.Build.0 = Release|Any CPU
	EndGlobalSection
	GlobalSection(SolutionProperties) = preSolution
		HideSolutionNode = FALSE
	EndGlobalSection
	GlobalSection(ExtensibilityGlobals) = postSolution
		SolutionGuid = {1F63EB57-891A-4128-8519-2446A9065AFD}
	EndGlobalSection
EndGlobal
